# This file is automatically @generated by Cargo.
# It is not intended for manual editing.
version = 4

[[package]]
name = "auth_service"
version = "0.1.0"

[[package]]
name = "bank_account"
version = "0.1.0"

[[package]]
name = "count_vowels"
version = "0.1.0"

[[package]]
name = "counter"
version = "0.1.0"

[[package]]
name = "largest_number"
version = "0.1.0"

[[package]]
name = "rectangle"
version = "0.1.0"

[[package]]
name = "reverse_words"
version = "0.1.0"

[[package]]
name = "temperature"
version = "0.1.0"
